// !$*UTF8*$!
{
	archiveVersion = 1;
	classes = {
	};
	objectVersion = 56;
	objects = {

/* Begin PBXBuildFile section */
		21713D452A842C7E005D3890 /* ScrumdingerApp.swift in Sources */ = {isa = PBXBuildFile; fileRef = 21713D442A842C7E005D3890 /* ScrumdingerApp.swift */; };
		21713D472A842C7E005D3890 /* MeetingView.swift in Sources */ = {isa = PBXBuildFile; fileRef = 21713D462A842C7E005D3890 /* MeetingView.swift */; };
		21713D492A842C82005D3890 /* Assets.xcassets in Resources */ = {isa = PBXBuildFile; fileRef = 21713D482A842C82005D3890 /* Assets.xcassets */; };
		21713D4C2A842C82005D3890 /* Preview Assets.xcassets in Resources */ = {isa = PBXBuildFile; fileRef = 21713D4B2A842C82005D3890 /* Preview Assets.xcassets */; };
		21713D542A8519F6005D3890 /* Theme.swift in Sources */ = {isa = PBXBuildFile; fileRef = 21713D532A8519F6005D3890 /* Theme.swift */; };
		21713D562A851BD5005D3890 /* DailyScrum.swift in Sources */ = {isa = PBXBuildFile; fileRef = 21713D552A851BD5005D3890 /* DailyScrum.swift */; };
		21713D582A851C8C005D3890 /* CardView.swift in Sources */ = {isa = PBXBuildFile; fileRef = 21713D572A851C8C005D3890 /* CardView.swift */; };
		21713D5A2A85202B005D3890 /* TrailingIconLabelStyle.swift in Sources */ = {isa = PBXBuildFile; fileRef = 21713D592A85202B005D3890 /* TrailingIconLabelStyle.swift */; };
		21713D5C2A8523AB005D3890 /* ScrumsView.swift in Sources */ = {isa = PBXBuildFile; fileRef = 21713D5B2A8523AB005D3890 /* ScrumsView.swift */; };
		21713D5E2A8583D6005D3890 /* DetailView.swift in Sources */ = {isa = PBXBuildFile; fileRef = 21713D5D2A8583D6005D3890 /* DetailView.swift */; };
		21713D602A865BAB005D3890 /* DetailEditView.swift in Sources */ = {isa = PBXBuildFile; fileRef = 21713D5F2A865BAB005D3890 /* DetailEditView.swift */; };
		21713D622A866189005D3890 /* ThemeView.swift in Sources */ = {isa = PBXBuildFile; fileRef = 21713D612A866189005D3890 /* ThemeView.swift */; };
		21713D652A866385005D3890 /* ThemePicker.swift in Sources */ = {isa = PBXBuildFile; fileRef = 21713D642A866385005D3890 /* ThemePicker.swift */; };
		21713D682A87650C005D3890 /* ding.wav in Resources */ = {isa = PBXBuildFile; fileRef = 21713D672A87650B005D3890 /* ding.wav */; };
		21CC68382A87C2E200E33D7A /* ScrumTimer.swift in Sources */ = {isa = PBXBuildFile; fileRef = 21CC68372A87C2E200E33D7A /* ScrumTimer.swift */; };
		21CC683A2A87C32D00E33D7A /* AVPlayer+Ding.swift in Sources */ = {isa = PBXBuildFile; fileRef = 21CC68392A87C32D00E33D7A /* AVPlayer+Ding.swift */; };
		21CC683C2A87C40600E33D7A /* MeetingFooterView.swift in Sources */ = {isa = PBXBuildFile; fileRef = 21CC683B2A87C40600E33D7A /* MeetingFooterView.swift */; };
		21CC683E2A87C43500E33D7A /* MeetingHeaderView.swift in Sources */ = {isa = PBXBuildFile; fileRef = 21CC683D2A87C43500E33D7A /* MeetingHeaderView.swift */; };
		21CC68402A87C46F00E33D7A /* ScrumProgressViewStyle.swift in Sources */ = {isa = PBXBuildFile; fileRef = 21CC683F2A87C46F00E33D7A /* ScrumProgressViewStyle.swift */; };
		21CC68422A8822CD00E33D7A /* NewScrumSheet.swift in Sources */ = {isa = PBXBuildFile; fileRef = 21CC68412A8822CD00E33D7A /* NewScrumSheet.swift */; };
		21CC68442A88250000E33D7A /* History.swift in Sources */ = {isa = PBXBuildFile; fileRef = 21CC68432A88250000E33D7A /* History.swift */; };
		21CC68462A89044C00E33D7A /* ScrumStore.swift in Sources */ = {isa = PBXBuildFile; fileRef = 21CC68452A89044C00E33D7A /* ScrumStore.swift */; };
/* End PBXBuildFile section */

/* Begin PBXFileReference section */
		21713D412A842C7E005D3890 /* Scrumdinger.app */ = {isa = PBXFileReference; explicitFileType = wrapper.application; includeInIndex = 0; path = Scrumdinger.app; sourceTree = BUILT_PRODUCTS_DIR; };
		21713D442A842C7E005D3890 /* ScrumdingerApp.swift */ = {isa = PBXFileReference; lastKnownFileType = sourcecode.swift; path = ScrumdingerApp.swift; sourceTree = "<group>"; };
		21713D462A842C7E005D3890 /* MeetingView.swift */ = {isa = PBXFileReference; lastKnownFileType = sourcecode.swift; path = MeetingView.swift; sourceTree = "<group>"; };
		21713D482A842C82005D3890 /* Assets.xcassets */ = {isa = PBXFileReference; lastKnownFileType = folder.assetcatalog; path = Assets.xcassets; sourceTree = "<group>"; };
		21713D4B2A842C82005D3890 /* Preview Assets.xcassets */ = {isa = PBXFileReference; lastKnownFileType = folder.assetcatalog; path = "Preview Assets.xcassets"; sourceTree = "<group>"; };
		21713D532A8519F6005D3890 /* Theme.swift */ = {isa = PBXFileReference; lastKnownFileType = sourcecode.swift; path = Theme.swift; sourceTree = "<group>"; };
		21713D552A851BD5005D3890 /* DailyScrum.swift */ = {isa = PBXFileReference; lastKnownFileType = sourcecode.swift; path = DailyScrum.swift; sourceTree = "<group>"; };
		21713D572A851C8C005D3890 /* CardView.swift */ = {isa = PBXFileReference; lastKnownFileType = sourcecode.swift; path = CardView.swift; sourceTree = "<group>"; };
		21713D592A85202B005D3890 /* TrailingIconLabelStyle.swift */ = {isa = PBXFileReference; lastKnownFileType = sourcecode.swift; path = TrailingIconLabelStyle.swift; sourceTree = "<group>"; };
		21713D5B2A8523AB005D3890 /* ScrumsView.swift */ = {isa = PBXFileReference; lastKnownFileType = sourcecode.swift; path = ScrumsView.swift; sourceTree = "<group>"; };
		21713D5D2A8583D6005D3890 /* DetailView.swift */ = {isa = PBXFileReference; lastKnownFileType = sourcecode.swift; path = DetailView.swift; sourceTree = "<group>"; };
		21713D5F2A865BAB005D3890 /* DetailEditView.swift */ = {isa = PBXFileReference; lastKnownFileType = sourcecode.swift; path = DetailEditView.swift; sourceTree = "<group>"; };
		21713D612A866189005D3890 /* ThemeView.swift */ = {isa = PBXFileReference; lastKnownFileType = sourcecode.swift; path = ThemeView.swift; sourceTree = "<group>"; };
		21713D642A866385005D3890 /* ThemePicker.swift */ = {isa = PBXFileReference; lastKnownFileType = sourcecode.swift; path = ThemePicker.swift; sourceTree = "<group>"; };
		21713D672A87650B005D3890 /* ding.wav */ = {isa = PBXFileReference; lastKnownFileType = audio.wav; path = ding.wav; sourceTree = "<group>"; };
		21CC68372A87C2E200E33D7A /* ScrumTimer.swift */ = {isa = PBXFileReference; lastKnownFileType = sourcecode.swift; path = ScrumTimer.swift; sourceTree = "<group>"; };
		21CC68392A87C32D00E33D7A /* AVPlayer+Ding.swift */ = {isa = PBXFileReference; lastKnownFileType = sourcecode.swift; path = "AVPlayer+Ding.swift"; sourceTree = "<group>"; };
		21CC683B2A87C40600E33D7A /* MeetingFooterView.swift */ = {isa = PBXFileReference; lastKnownFileType = sourcecode.swift; path = MeetingFooterView.swift; sourceTree = "<group>"; };
		21CC683D2A87C43500E33D7A /* MeetingHeaderView.swift */ = {isa = PBXFileReference; lastKnownFileType = sourcecode.swift; path = MeetingHeaderView.swift; sourceTree = "<group>"; };
		21CC683F2A87C46F00E33D7A /* ScrumProgressViewStyle.swift */ = {isa = PBXFileReference; lastKnownFileType = sourcecode.swift; path = ScrumProgressViewStyle.swift; sourceTree = "<group>"; };
		21CC68412A8822CD00E33D7A /* NewScrumSheet.swift */ = {isa = PBXFileReference; lastKnownFileType = sourcecode.swift; path = NewScrumSheet.swift; sourceTree = "<group>"; };
		21CC68432A88250000E33D7A /* History.swift */ = {isa = PBXFileReference; lastKnownFileType = sourcecode.swift; path = History.swift; sourceTree = "<group>"; };
		21CC68452A89044C00E33D7A /* ScrumStore.swift */ = {isa = PBXFileReference; lastKnownFileType = sourcecode.swift; path = ScrumStore.swift; sourceTree = "<group>"; };
/* End PBXFileReference section */

/* Begin PBXFrameworksBuildPhase section */
		21713D3E2A842C7E005D3890 /* Frameworks */ = {
			isa = PBXFrameworksBuildPhase;
			buildActionMask = 2147483647;
			files = (
			);
			runOnlyForDeploymentPostprocessing = 0;
		};
/* End PBXFrameworksBuildPhase section */

/* Begin PBXGroup section */
		21713D382A842C7E005D3890 = {
			isa = PBXGroup;
			children = (
				21713D432A842C7E005D3890 /* Scrumdinger */,
				21713D422A842C7E005D3890 /* Products */,
			);
			sourceTree = "<group>";
		};
		21713D422A842C7E005D3890 /* Products */ = {
			isa = PBXGroup;
			children = (
				21713D412A842C7E005D3890 /* Scrumdinger.app */,
			);
			name = Products;
			sourceTree = "<group>";
		};
		21713D432A842C7E005D3890 /* Scrumdinger */ = {
			isa = PBXGroup;
			children = (
				21713D522A8519DB005D3890 /* Models */,
				21713D442A842C7E005D3890 /* ScrumdingerApp.swift */,
				21713D662A876438005D3890 /* Resources */,
				21713D482A842C82005D3890 /* Assets.xcassets */,
				21713D4A2A842C82005D3890 /* Preview Content */,
			);
			path = Scrumdinger;
			sourceTree = "<group>";
		};
		21713D4A2A842C82005D3890 /* Preview Content */ = {
			isa = PBXGroup;
			children = (
				21713D4B2A842C82005D3890 /* Preview Assets.xcassets */,
			);
			path = "Preview Content";
			sourceTree = "<group>";
		};
		21713D522A8519DB005D3890 /* Models */ = {
			isa = PBXGroup;
			children = (
				21CC68392A87C32D00E33D7A /* AVPlayer+Ding.swift */,
				21713D532A8519F6005D3890 /* Theme.swift */,
				21CC68372A87C2E200E33D7A /* ScrumTimer.swift */,
				21713D552A851BD5005D3890 /* DailyScrum.swift */,
				21CC68432A88250000E33D7A /* History.swift */,
				21713D632A866191005D3890 /* View */,
				21CC68452A89044C00E33D7A /* ScrumStore.swift */,
			);
			path = Models;
			sourceTree = "<group>";
		};
		21713D632A866191005D3890 /* View */ = {
			isa = PBXGroup;
			children = (
				21713D572A851C8C005D3890 /* CardView.swift */,
				21713D5F2A865BAB005D3890 /* DetailEditView.swift */,
				21713D5D2A8583D6005D3890 /* DetailView.swift */,
				21CC683B2A87C40600E33D7A /* MeetingFooterView.swift */,
				21CC683D2A87C43500E33D7A /* MeetingHeaderView.swift */,
				21713D462A842C7E005D3890 /* MeetingView.swift */,
				21CC683F2A87C46F00E33D7A /* ScrumProgressViewStyle.swift */,
				21713D5B2A8523AB005D3890 /* ScrumsView.swift */,
				21713D592A85202B005D3890 /* TrailingIconLabelStyle.swift */,
				21713D642A866385005D3890 /* ThemePicker.swift */,
				21713D612A866189005D3890 /* ThemeView.swift */,
				21CC68412A8822CD00E33D7A /* NewScrumSheet.swift */,
			);
			path = View;
			sourceTree = "<group>";
		};
		21713D662A876438005D3890 /* Resources */ = {
			isa = PBXGroup;
			children = (
				21713D672A87650B005D3890 /* ding.wav */,
			);
			path = Resources;
			sourceTree = "<group>";
		};
/* End PBXGroup section */

/* Begin PBXNativeTarget section */
		21713D402A842C7E005D3890 /* Scrumdinger */ = {
			isa = PBXNativeTarget;
			buildConfigurationList = 21713D4F2A842C82005D3890 /* Build configuration list for PBXNativeTarget "Scrumdinger" */;
			buildPhases = (
				21713D3D2A842C7E005D3890 /* Sources */,
				21713D3E2A842C7E005D3890 /* Frameworks */,
				21713D3F2A842C7E005D3890 /* Resources */,
			);
			buildRules = (
			);
			dependencies = (
			);
			name = Scrumdinger;
			productName = Scrumdinger;
			productReference = 21713D412A842C7E005D3890 /* Scrumdinger.app */;
			productType = "com.apple.product-type.application";
		};
/* End PBXNativeTarget section */

/* Begin PBXProject section */
		21713D392A842C7E005D3890 /* Project object */ = {
			isa = PBXProject;
			attributes = {
				BuildIndependentTargetsInParallel = 1;
				LastSwiftUpdateCheck = 1420;
				LastUpgradeCheck = 1420;
				TargetAttributes = {
					21713D402A842C7E005D3890 = {
						CreatedOnToolsVersion = 14.2;
					};
				};
			};
			buildConfigurationList = 21713D3C2A842C7E005D3890 /* Build configuration list for PBXProject "Scrumdinger" */;
			compatibilityVersion = "Xcode 14.0";
			developmentRegion = en;
			hasScannedForEncodings = 0;
			knownRegions = (
				en,
				Base,
			);
			mainGroup = 21713D382A842C7E005D3890;
			productRefGroup = 21713D422A842C7E005D3890 /* Products */;
			projectDirPath = "";
			projectRoot = "";
			targets = (
				21713D402A842C7E005D3890 /* Scrumdinger */,
			);
		};
/* End PBXProject section */

/* Begin PBXResourcesBuildPhase section */
		21713D3F2A842C7E005D3890 /* Resources */ = {
			isa = PBXResourcesBuildPhase;
			buildActionMask = 2147483647;
			files = (
				21713D682A87650C005D3890 /* ding.wav in Resources */,
				21713D4C2A842C82005D3890 /* Preview Assets.xcassets in Resources */,
				21713D492A842C82005D3890 /* Assets.xcassets in Resources */,
			);
			runOnlyForDeploymentPostprocessing = 0;
		};
/* End PBXResourcesBuildPhase section */

/* Begin PBXSourcesBuildPhase section */
		21713D3D2A842C7E005D3890 /* Sources */ = {
			isa = PBXSourcesBuildPhase;
			buildActionMask = 2147483647;
			files = (
				21CC68442A88250000E33D7A /* History.swift in Sources */,
				21713D652A866385005D3890 /* ThemePicker.swift in Sources */,
				21CC68402A87C46F00E33D7A /* ScrumProgressViewStyle.swift in Sources */,
				21713D562A851BD5005D3890 /* DailyScrum.swift in Sources */,
				21CC683C2A87C40600E33D7A /* MeetingFooterView.swift in Sources */,
				21713D5E2A8583D6005D3890 /* DetailView.swift in Sources */,
				21CC68462A89044C00E33D7A /* ScrumStore.swift in Sources */,
				21713D602A865BAB005D3890 /* DetailEditView.swift in Sources */,
				21713D5A2A85202B005D3890 /* TrailingIconLabelStyle.swift in Sources */,
				21713D542A8519F6005D3890 /* Theme.swift in Sources */,
				21CC68422A8822CD00E33D7A /* NewScrumSheet.swift in Sources */,
				21713D5C2A8523AB005D3890 /* ScrumsView.swift in Sources */,
				21713D472A842C7E005D3890 /* MeetingView.swift in Sources */,
				21CC683A2A87C32D00E33D7A /* AVPlayer+Ding.swift in Sources */,
				21713D452A842C7E005D3890 /* ScrumdingerApp.swift in Sources */,
				21713D622A866189005D3890 /* ThemeView.swift in Sources */,
				21713D582A851C8C005D3890 /* CardView.swift in Sources */,
				21CC68382A87C2E200E33D7A /* ScrumTimer.swift in Sources */,
				21CC683E2A87C43500E33D7A /* MeetingHeaderView.swift in Sources */,
			);
			runOnlyForDeploymentPostprocessing = 0;
		};
/* End PBXSourcesBuildPhase section */

/* Begin XCBuildConfiguration section */
		21713D4D2A842C82005D3890 /* Debug */ = {
			isa = XCBuildConfiguration;
			buildSettings = {
				ALWAYS_SEARCH_USER_PATHS = NO;
				CLANG_ANALYZER_NONNULL = YES;
				CLANG_ANALYZER_NUMBER_OBJECT_CONVERSION = YES_AGGRESSIVE;
				CLANG_CXX_LANGUAGE_STANDARD = "gnu++20";
				CLANG_ENABLE_MODULES = YES;
				CLANG_ENABLE_OBJC_ARC = YES;
				CLANG_ENABLE_OBJC_WEAK = YES;
				CLANG_WARN_BLOCK_CAPTURE_AUTORELEASING = YES;
				CLANG_WARN_BOOL_CONVERSION = YES;
				CLANG_WARN_COMMA = YES;
				CLANG_WARN_CONSTANT_CONVERSION = YES;
				CLANG_WARN_DEPRECATED_OBJC_IMPLEMENTATIONS = YES;
				CLANG_WARN_DIRECT_OBJC_ISA_USAGE = YES_ERROR;
				CLANG_WARN_DOCUMENTATION_COMMENTS = YES;
				CLANG_WARN_EMPTY_BODY = YES;
				CLANG_WARN_ENUM_CONVERSION = YES;
				CLANG_WARN_INFINITE_RECURSION = YES;
				CLANG_WARN_INT_CONVERSION = YES;
				CLANG_WARN_NON_LITERAL_NULL_CONVERSION = YES;
				CLANG_WARN_OBJC_IMPLICIT_RETAIN_SELF = YES;
				CLANG_WARN_OBJC_LITERAL_CONVERSION = YES;
				CLANG_WARN_OBJC_ROOT_CLASS = YES_ERROR;
				CLANG_WARN_QUOTED_INCLUDE_IN_FRAMEWORK_HEADER = YES;
				CLANG_WARN_RANGE_LOOP_ANALYSIS = YES;
				CLANG_WARN_STRICT_PROTOTYPES = YES;
				CLANG_WARN_SUSPICIOUS_MOVE = YES;
				CLANG_WARN_UNGUARDED_AVAILABILITY = YES_AGGRESSIVE;
				CLANG_WARN_UNREACHABLE_CODE = YES;
				CLANG_WARN__DUPLICATE_METHOD_MATCH = YES;
				COPY_PHASE_STRIP = NO;
				DEBUG_INFORMATION_FORMAT = dwarf;
				ENABLE_STRICT_OBJC_MSGSEND = YES;
				ENABLE_TESTABILITY = YES;
				GCC_C_LANGUAGE_STANDARD = gnu11;
				GCC_DYNAMIC_NO_PIC = NO;
				GCC_NO_COMMON_BLOCKS = YES;
				GCC_OPTIMIZATION_LEVEL = 0;
				GCC_PREPROCESSOR_DEFINITIONS = (
					"DEBUG=1",
					"$(inherited)",
				);
				GCC_WARN_64_TO_32_BIT_CONVERSION = YES;
				GCC_WARN_ABOUT_RETURN_TYPE = YES_ERROR;
				GCC_WARN_UNDECLARED_SELECTOR = YES;
				GCC_WARN_UNINITIALIZED_AUTOS = YES_AGGRESSIVE;
				GCC_WARN_UNUSED_FUNCTION = YES;
				GCC_WARN_UNUSED_VARIABLE = YES;
				IPHONEOS_DEPLOYMENT_TARGET = 16.2;
				MTL_ENABLE_DEBUG_INFO = INCLUDE_SOURCE;
				MTL_FAST_MATH = YES;
				ONLY_ACTIVE_ARCH = YES;
				SDKROOT = iphoneos;
				SWIFT_ACTIVE_COMPILATION_CONDITIONS = DEBUG;
				SWIFT_OPTIMIZATION_LEVEL = "-Onone";
			};
			name = Debug;
		};
		21713D4E2A842C82005D3890 /* Release */ = {
			isa = XCBuildConfiguration;
			buildSettings = {
				ALWAYS_SEARCH_USER_PATHS = NO;
				CLANG_ANALYZER_NONNULL = YES;
				CLANG_ANALYZER_NUMBER_OBJECT_CONVERSION = YES_AGGRESSIVE;
				CLANG_CXX_LANGUAGE_STANDARD = "gnu++20";
				CLANG_ENABLE_MODULES = YES;
				CLANG_ENABLE_OBJC_ARC = YES;
				CLANG_ENABLE_OBJC_WEAK = YES;
				CLANG_WARN_BLOCK_CAPTURE_AUTORELEASING = YES;
				CLANG_WARN_BOOL_CONVERSION = YES;
				CLANG_WARN_COMMA = YES;
				CLANG_WARN_CONSTANT_CONVERSION = YES;
				CLANG_WARN_DEPRECATED_OBJC_IMPLEMENTATIONS = YES;
				CLANG_WARN_DIRECT_OBJC_ISA_USAGE = YES_ERROR;
				CLANG_WARN_DOCUMENTATION_COMMENTS = YES;
				CLANG_WARN_EMPTY_BODY = YES;
				CLANG_WARN_ENUM_CONVERSION = YES;
				CLANG_WARN_INFINITE_RECURSION = YES;
				CLANG_WARN_INT_CONVERSION = YES;
				CLANG_WARN_NON_LITERAL_NULL_CONVERSION = YES;
				CLANG_WARN_OBJC_IMPLICIT_RETAIN_SELF = YES;
				CLANG_WARN_OBJC_LITERAL_CONVERSION = YES;
				CLANG_WARN_OBJC_ROOT_CLASS = YES_ERROR;
				CLANG_WARN_QUOTED_INCLUDE_IN_FRAMEWORK_HEADER = YES;
				CLANG_WARN_RANGE_LOOP_ANALYSIS = YES;
				CLANG_WARN_STRICT_PROTOTYPES = YES;
				CLANG_WARN_SUSPICIOUS_MOVE = YES;
				CLANG_WARN_UNGUARDED_AVAILABILITY = YES_AGGRESSIVE;
				CLANG_WARN_UNREACHABLE_CODE = YES;
				CLANG_WARN__DUPLICATE_METHOD_MATCH = YES;
				COPY_PHASE_STRIP = NO;
				DEBUG_INFORMATION_FORMAT = "dwarf-with-dsym";
				ENABLE_NS_ASSERTIONS = NO;
				ENABLE_STRICT_OBJC_MSGSEND = YES;
				GCC_C_LANGUAGE_STANDARD = gnu11;
				GCC_NO_COMMON_BLOCKS = YES;
				GCC_WARN_64_TO_32_BIT_CONVERSION = YES;
				GCC_WARN_ABOUT_RETURN_TYPE = YES_ERROR;
				GCC_WARN_UNDECLARED_SELECTOR = YES;
				GCC_WARN_UNINITIALIZED_AUTOS = YES_AGGRESSIVE;
				GCC_WARN_UNUSED_FUNCTION = YES;
				GCC_WARN_UNUSED_VARIABLE = YES;
				IPHONEOS_DEPLOYMENT_TARGET = 16.2;
				MTL_ENABLE_DEBUG_INFO = NO;
				MTL_FAST_MATH = YES;
				SDKROOT = iphoneos;
				SWIFT_COMPILATION_MODE = wholemodule;
				SWIFT_OPTIMIZATION_LEVEL = "-O";
				VALIDATE_PRODUCT = YES;
			};
			name = Release;
		};
		21713D502A842C82005D3890 /* Debug */ = {
			isa = XCBuildConfiguration;
			buildSettings = {
				ASSETCATALOG_COMPILER_APPICON_NAME = AppIcon;
				ASSETCATALOG_COMPILER_GLOBAL_ACCENT_COLOR_NAME = AccentColor;
				CODE_SIGN_STYLE = Automatic;
				CURRENT_PROJECT_VERSION = 1;
				DEVELOPMENT_ASSET_PATHS = "\"Scrumdinger/Preview Content\"";
				DEVELOPMENT_TEAM = B2KDHW7R39;
				ENABLE_PREVIEWS = YES;
				GENERATE_INFOPLIST_FILE = YES;
				INFOPLIST_KEY_UIApplicationSceneManifest_Generation = YES;
				INFOPLIST_KEY_UIApplicationSupportsIndirectInputEvents = YES;
				INFOPLIST_KEY_UILaunchScreen_Generation = YES;
				INFOPLIST_KEY_UISupportedInterfaceOrientations_iPad = "UIInterfaceOrientationPortrait UIInterfaceOrientationPortraitUpsideDown UIInterfaceOrientationLandscapeLeft UIInterfaceOrientationLandscapeRight";
				INFOPLIST_KEY_UISupportedInterfaceOrientations_iPhone = "UIInterfaceOrientationPortrait UIInterfaceOrientationLandscapeLeft UIInterfaceOrientationLandscapeRight";
				IPHONEOS_DEPLOYMENT_TARGET = 16.0;
				LD_RUNPATH_SEARCH_PATHS = (
					"$(inherited)",
					"@executable_path/Frameworks",
				);
				MARKETING_VERSION = 1.0;
				PRODUCT_BUNDLE_IDENTIFIER = NikolayKuznetsov.Scrumdinger;
				PRODUCT_NAME = "$(TARGET_NAME)";
				SWIFT_EMIT_LOC_STRINGS = YES;
				SWIFT_VERSION = 5.0;
				TARGETED_DEVICE_FAMILY = "1,2";
			};
			name = Debug;
		};
		21713D512A842C82005D3890 /* Release */ = {
			isa = XCBuildConfiguration;
			buildSettings = {
				ASSETCATALOG_COMPILER_APPICON_NAME = AppIcon;
				ASSETCATALOG_COMPILER_GLOBAL_ACCENT_COLOR_NAME = AccentColor;
				CODE_SIGN_STYLE = Automatic;
				CURRENT_PROJECT_VERSION = 1;
				DEVELOPMENT_ASSET_PATHS = "\"Scrumdinger/Preview Content\"";
				DEVELOPMENT_TEAM = B2KDHW7R39;
				ENABLE_PREVIEWS = YES;
				GENERATE_INFOPLIST_FILE = YES;
				INFOPLIST_KEY_UIApplicationSceneManifest_Generation = YES;
				INFOPLIST_KEY_UIApplicationSupportsIndirectInputEvents = YES;
				INFOPLIST_KEY_UILaunchScreen_Generation = YES;
				INFOPLIST_KEY_UISupportedInterfaceOrientations_iPad = "UIInterfaceOrientationPortrait UIInterfaceOrientationPortraitUpsideDown UIInterfaceOrientationLandscapeLeft UIInterfaceOrientationLandscapeRight";
				INFOPLIST_KEY_UISupportedInterfaceOrientations_iPhone = "UIInterfaceOrientationPortrait UIInterfaceOrientationLandscapeLeft UIInterfaceOrientationLandscapeRight";
				IPHONEOS_DEPLOYMENT_TARGET = 16.0;
				LD_RUNPATH_SEARCH_PATHS = (
					"$(inherited)",
					"@executable_path/Frameworks",
				);
				MARKETING_VERSION = 1.0;
				PRODUCT_BUNDLE_IDENTIFIER = NikolayKuznetsov.Scrumdinger;
				PRODUCT_NAME = "$(TARGET_NAME)";
				SWIFT_EMIT_LOC_STRINGS = YES;
				SWIFT_VERSION = 5.0;
				TARGETED_DEVICE_FAMILY = "1,2";
			};
			name = Release;
		};
/* End XCBuildConfiguration section */

/* Begin XCConfigurationList section */
		21713D3C2A842C7E005D3890 /* Build configuration list for PBXProject "Scrumdinger" */ = {
			isa = XCConfigurationList;
			buildConfigurations = (
				21713D4D2A842C82005D3890 /* Debug */,
				21713D4E2A842C82005D3890 /* Release */,
			);
			defaultConfigurationIsVisible = 0;
			defaultConfigurationName = Release;
		};
		21713D4F2A842C82005D3890 /* Build configuration list for PBXNativeTarget "Scrumdinger" */ = {
			isa = XCConfigurationList;
			buildConfigurations = (
				21713D502A842C82005D3890 /* Debug */,
				21713D512A842C82005D3890 /* Release */,
			);
			defaultConfigurationIsVisible = 0;
			defaultConfigurationName = Release;
		};
/* End XCConfigurationList section */
	};
	rootObject = 21713D392A842C7E005D3890 /* Project object */;
}
